{
  "requires": true,
  "lockfileVersion": 1,
  "dependencies": {
    "marked": {
      "version": "4.0.7",
      "resolved": "https://registry.npmjs.org/marked/-/marked-4.0.7.tgz",
      "integrity": "sha512-mQrRvV2vRk7DHZsWsYJfAjmBo+lSYPhTJPThaaGpkEfmC+4oefeug2txZniQTieDS0CFpokfVhd7JuS5GtnHhA=="
    }
  }
}
